// !$*UTF8*$!
{
	archiveVersion = 1;
	classes = {
	};
	objectVersion = 56;
	objects = {

/* Begin PBXBuildFile section */
		125B73BF2C615B1400CBBF81 /* LoginViewModel.swift in Sources */ = {isa = PBXBuildFile; fileRef = 125B73BE2C615B1400CBBF81 /* LoginViewModel.swift */; };
		125B73C12C615CBD00CBBF81 /* MainViewModel.swift in Sources */ = {isa = PBXBuildFile; fileRef = 125B73C02C615CBD00CBBF81 /* MainViewModel.swift */; };
		125B73C32C615D7E00CBBF81 /* NotionAccount.swift in Sources */ = {isa = PBXBuildFile; fileRef = 125B73C22C615D7E00CBBF81 /* NotionAccount.swift */; };
		12B608942C62B8CF0061A226 /* AccountPickerView.swift in Sources */ = {isa = PBXBuildFile; fileRef = 12B608932C62B8CF0061A226 /* AccountPickerView.swift */; };
		12B608982C62B9010061A226 /* TemplateListView.swift in Sources */ = {isa = PBXBuildFile; fileRef = 12B608972C62B9010061A226 /* TemplateListView.swift */; };
		12B6089A2C62B90D0061A226 /* NoAccountView.swift in Sources */ = {isa = PBXBuildFile; fileRef = 12B608992C62B90D0061A226 /* NoAccountView.swift */; };
		12B6089C2C62B9230061A226 /* ColorExtensions.swift in Sources */ = {isa = PBXBuildFile; fileRef = 12B6089B2C62B9230061A226 /* ColorExtensions.swift */; };
		12BA490E2C63DE1300FCBA17 /* DatabaseIcon.swift in Sources */ = {isa = PBXBuildFile; fileRef = 12BA490D2C63DE1300FCBA17 /* DatabaseIcon.swift */; };
		12BA49102C63DE7800FCBA17 /* DatabaseIconManager.swift in Sources */ = {isa = PBXBuildFile; fileRef = 12BA490F2C63DE7800FCBA17 /* DatabaseIconManager.swift */; };
		12E6B8F52C5EDF4B001E71CB /* HotKey in Frameworks */ = {isa = PBXBuildFile; productRef = 12E6B8F42C5EDF4B001E71CB /* HotKey */; };
		12E6B8F72C5EDF5D001E71CB /* SwiftUIIntrospect in Frameworks */ = {isa = PBXBuildFile; productRef = 12E6B8F62C5EDF5D001E71CB /* SwiftUIIntrospect */; };
		8D0873372A65CAE9002F54A6 /* TemplateCreatorView.swift in Sources */ = {isa = PBXBuildFile; fileRef = 8D0873362A65CAE9002F54A6 /* TemplateCreatorView.swift */; };
		8D1F719A2A649C6100F5C29C /* UserDefaultsLogger.swift in Sources */ = {isa = PBXBuildFile; fileRef = 8D1F71992A649C6100F5C29C /* UserDefaultsLogger.swift */; };
		8D2F263B2AC37E1400BF9364 /* CaptureView.swift in Sources */ = {isa = PBXBuildFile; fileRef = 8D2F263A2AC37E1400BF9364 /* CaptureView.swift */; };
		8D54B6092AC2990700B9B01F /* GlobalShortcutManager.swift in Sources */ = {isa = PBXBuildFile; fileRef = 8D54B6082AC2990700B9B01F /* GlobalShortcutManager.swift */; };
		8D6207E72B074B0F00A01539 /* StringArrayTransformer.swift in Sources */ = {isa = PBXBuildFile; fileRef = 8D6207E62B074B0E00A01539 /* StringArrayTransformer.swift */; };
		8D656A042A3C2F0E0065A725 /* WebView.swift in Sources */ = {isa = PBXBuildFile; fileRef = 8D656A032A3C2F0E0065A725 /* WebView.swift */; };
		8D8B95182A76964100DEDFFF /* EditTemplateView.swift in Sources */ = {isa = PBXBuildFile; fileRef = 8D8B95172A76964100DEDFFF /* EditTemplateView.swift */; };
		8D9435AF2A3A461F00F7CC62 /* NotionBuddySwiftApp.swift in Sources */ = {isa = PBXBuildFile; fileRef = 8D9435AE2A3A461F00F7CC62 /* NotionBuddySwiftApp.swift */; };
		8D9435B42A3A461F00F7CC62 /* NotionBuddySwift.xcdatamodeld in Sources */ = {isa = PBXBuildFile; fileRef = 8D9435B22A3A461F00F7CC62 /* NotionBuddySwift.xcdatamodeld */; };
		8D9435B62A3A461F00F7CC62 /* LoginView.swift in Sources */ = {isa = PBXBuildFile; fileRef = 8D9435B52A3A461F00F7CC62 /* LoginView.swift */; };
		8D9435B82A3A462000F7CC62 /* Assets.xcassets in Resources */ = {isa = PBXBuildFile; fileRef = 8D9435B72A3A462000F7CC62 /* Assets.xcassets */; };
		8D9435BC2A3A462000F7CC62 /* Preview Assets.xcassets in Resources */ = {isa = PBXBuildFile; fileRef = 8D9435BB2A3A462000F7CC62 /* Preview Assets.xcassets */; };
		8D9435C62A3A462000F7CC62 /* NotionBuddySwiftTests.swift in Sources */ = {isa = PBXBuildFile; fileRef = 8D9435C52A3A462000F7CC62 /* NotionBuddySwiftTests.swift */; };
		8D9435D02A3A462000F7CC62 /* NotionBuddySwiftUITests.swift in Sources */ = {isa = PBXBuildFile; fileRef = 8D9435CF2A3A462000F7CC62 /* NotionBuddySwiftUITests.swift */; };
		8D9435D22A3A462000F7CC62 /* NotionBuddySwiftUITestsLaunchTests.swift in Sources */ = {isa = PBXBuildFile; fileRef = 8D9435D12A3A462000F7CC62 /* NotionBuddySwiftUITestsLaunchTests.swift */; };
		8DCDA9002A5B5C07007B54E5 /* DatabaseNavigatorView.swift in Sources */ = {isa = PBXBuildFile; fileRef = 8DCDA8FF2A5B5C07007B54E5 /* DatabaseNavigatorView.swift */; };
		8DD1077B2AC4CC140077B935 /* CustomWindow.swift in Sources */ = {isa = PBXBuildFile; fileRef = 8DD1077A2AC4CC140077B935 /* CustomWindow.swift */; };
		8DD1077D2AC4CC390077B935 /* CaptureWindowController.swift in Sources */ = {isa = PBXBuildFile; fileRef = 8DD1077C2AC4CC390077B935 /* CaptureWindowController.swift */; };
		8DEA959E2A7C49910007836F /* TemplateViewModel.swift in Sources */ = {isa = PBXBuildFile; fileRef = 8DEA959D2A7C49910007836F /* TemplateViewModel.swift */; };
		8DF13C2E2A6295330030F889 /* SDWebImageSwiftUI in Frameworks */ = {isa = PBXBuildFile; productRef = 8DF13C2D2A6295330030F889 /* SDWebImageSwiftUI */; };
		8DF13C312A6296CD0030F889 /* SDWebImageSVGCoder in Frameworks */ = {isa = PBXBuildFile; productRef = 8DF13C302A6296CD0030F889 /* SDWebImageSVGCoder */; };
		8DF13C332A63475A0030F889 /* MainView.swift in Sources */ = {isa = PBXBuildFile; fileRef = 8DF13C322A63475A0030F889 /* MainView.swift */; };
		8DF13C352A6349D00030F889 /* SessionManager.swift in Sources */ = {isa = PBXBuildFile; fileRef = 8DF13C342A6349D00030F889 /* SessionManager.swift */; };
/* End PBXBuildFile section */

/* Begin PBXContainerItemProxy section */
		8D9435C22A3A462000F7CC62 /* PBXContainerItemProxy */ = {
			isa = PBXContainerItemProxy;
			containerPortal = 8D9435A32A3A461F00F7CC62 /* Project object */;
			proxyType = 1;
			remoteGlobalIDString = 8D9435AA2A3A461F00F7CC62;
			remoteInfo = NotionBuddySwift;
		};
		8D9435CC2A3A462000F7CC62 /* PBXContainerItemProxy */ = {
			isa = PBXContainerItemProxy;
			containerPortal = 8D9435A32A3A461F00F7CC62 /* Project object */;
			proxyType = 1;
			remoteGlobalIDString = 8D9435AA2A3A461F00F7CC62;
			remoteInfo = NotionBuddySwift;
		};
/* End PBXContainerItemProxy section */

/* Begin PBXFileReference section */
		125B73BE2C615B1400CBBF81 /* LoginViewModel.swift */ = {isa = PBXFileReference; lastKnownFileType = sourcecode.swift; path = LoginViewModel.swift; sourceTree = "<group>"; };
		125B73C02C615CBD00CBBF81 /* MainViewModel.swift */ = {isa = PBXFileReference; lastKnownFileType = sourcecode.swift; path = MainViewModel.swift; sourceTree = "<group>"; };
		125B73C22C615D7E00CBBF81 /* NotionAccount.swift */ = {isa = PBXFileReference; lastKnownFileType = sourcecode.swift; path = NotionAccount.swift; sourceTree = "<group>"; };
		12B608932C62B8CF0061A226 /* AccountPickerView.swift */ = {isa = PBXFileReference; lastKnownFileType = sourcecode.swift; path = AccountPickerView.swift; sourceTree = "<group>"; };
		12B608972C62B9010061A226 /* TemplateListView.swift */ = {isa = PBXFileReference; lastKnownFileType = sourcecode.swift; path = TemplateListView.swift; sourceTree = "<group>"; };
		12B608992C62B90D0061A226 /* NoAccountView.swift */ = {isa = PBXFileReference; lastKnownFileType = sourcecode.swift; path = NoAccountView.swift; sourceTree = "<group>"; };
		12B6089B2C62B9230061A226 /* ColorExtensions.swift */ = {isa = PBXFileReference; lastKnownFileType = sourcecode.swift; path = ColorExtensions.swift; sourceTree = "<group>"; };
		12BA490D2C63DE1300FCBA17 /* DatabaseIcon.swift */ = {isa = PBXFileReference; lastKnownFileType = sourcecode.swift; path = DatabaseIcon.swift; sourceTree = "<group>"; };
		12BA490F2C63DE7800FCBA17 /* DatabaseIconManager.swift */ = {isa = PBXFileReference; lastKnownFileType = sourcecode.swift; path = DatabaseIconManager.swift; sourceTree = "<group>"; };
		8D0873362A65CAE9002F54A6 /* TemplateCreatorView.swift */ = {isa = PBXFileReference; lastKnownFileType = sourcecode.swift; path = TemplateCreatorView.swift; sourceTree = "<group>"; };
		8D1F71992A649C6100F5C29C /* UserDefaultsLogger.swift */ = {isa = PBXFileReference; lastKnownFileType = sourcecode.swift; path = UserDefaultsLogger.swift; sourceTree = "<group>"; };
		8D2F263A2AC37E1400BF9364 /* CaptureView.swift */ = {isa = PBXFileReference; lastKnownFileType = sourcecode.swift; path = CaptureView.swift; sourceTree = "<group>"; };
		8D54B6082AC2990700B9B01F /* GlobalShortcutManager.swift */ = {isa = PBXFileReference; lastKnownFileType = sourcecode.swift; path = GlobalShortcutManager.swift; sourceTree = "<group>"; };
		8D6207E62B074B0E00A01539 /* StringArrayTransformer.swift */ = {isa = PBXFileReference; lastKnownFileType = sourcecode.swift; path = StringArrayTransformer.swift; sourceTree = "<group>"; };
		8D656A032A3C2F0E0065A725 /* WebView.swift */ = {isa = PBXFileReference; lastKnownFileType = sourcecode.swift; path = WebView.swift; sourceTree = "<group>"; };
		8D8B95172A76964100DEDFFF /* EditTemplateView.swift */ = {isa = PBXFileReference; lastKnownFileType = sourcecode.swift; path = EditTemplateView.swift; sourceTree = "<group>"; };
		8D9435AB2A3A461F00F7CC62 /* NotionBuddySwift.app */ = {isa = PBXFileReference; explicitFileType = wrapper.application; includeInIndex = 0; path = NotionBuddySwift.app; sourceTree = BUILT_PRODUCTS_DIR; };
		8D9435AE2A3A461F00F7CC62 /* NotionBuddySwiftApp.swift */ = {isa = PBXFileReference; lastKnownFileType = sourcecode.swift; path = NotionBuddySwiftApp.swift; sourceTree = "<group>"; };
		8D9435B32A3A461F00F7CC62 /* NotionBuddySwift.xcdatamodel */ = {isa = PBXFileReference; lastKnownFileType = wrapper.xcdatamodel; path = NotionBuddySwift.xcdatamodel; sourceTree = "<group>"; };
		8D9435B52A3A461F00F7CC62 /* LoginView.swift */ = {isa = PBXFileReference; lastKnownFileType = sourcecode.swift; path = LoginView.swift; sourceTree = "<group>"; };
		8D9435B72A3A462000F7CC62 /* Assets.xcassets */ = {isa = PBXFileReference; lastKnownFileType = folder.assetcatalog; path = Assets.xcassets; sourceTree = "<group>"; };
		8D9435B92A3A462000F7CC62 /* NotionBuddySwift.entitlements */ = {isa = PBXFileReference; lastKnownFileType = text.plist.entitlements; path = NotionBuddySwift.entitlements; sourceTree = "<group>"; };
		8D9435BB2A3A462000F7CC62 /* Preview Assets.xcassets */ = {isa = PBXFileReference; lastKnownFileType = folder.assetcatalog; path = "Preview Assets.xcassets"; sourceTree = "<group>"; };
		8D9435C12A3A462000F7CC62 /* NotionBuddySwiftTests.xctest */ = {isa = PBXFileReference; explicitFileType = wrapper.cfbundle; includeInIndex = 0; path = NotionBuddySwiftTests.xctest; sourceTree = BUILT_PRODUCTS_DIR; };
		8D9435C52A3A462000F7CC62 /* NotionBuddySwiftTests.swift */ = {isa = PBXFileReference; lastKnownFileType = sourcecode.swift; path = NotionBuddySwiftTests.swift; sourceTree = "<group>"; };
		8D9435CB2A3A462000F7CC62 /* NotionBuddySwiftUITests.xctest */ = {isa = PBXFileReference; explicitFileType = wrapper.cfbundle; includeInIndex = 0; path = NotionBuddySwiftUITests.xctest; sourceTree = BUILT_PRODUCTS_DIR; };
		8D9435CF2A3A462000F7CC62 /* NotionBuddySwiftUITests.swift */ = {isa = PBXFileReference; lastKnownFileType = sourcecode.swift; path = NotionBuddySwiftUITests.swift; sourceTree = "<group>"; };
		8D9435D12A3A462000F7CC62 /* NotionBuddySwiftUITestsLaunchTests.swift */ = {isa = PBXFileReference; lastKnownFileType = sourcecode.swift; path = NotionBuddySwiftUITestsLaunchTests.swift; sourceTree = "<group>"; };
		8D9435DE2A3A47C500F7CC62 /* Info.plist */ = {isa = PBXFileReference; lastKnownFileType = text.plist; path = Info.plist; sourceTree = "<group>"; };
		8DCDA8FF2A5B5C07007B54E5 /* DatabaseNavigatorView.swift */ = {isa = PBXFileReference; lastKnownFileType = sourcecode.swift; path = DatabaseNavigatorView.swift; sourceTree = "<group>"; };
		8DD1077A2AC4CC140077B935 /* CustomWindow.swift */ = {isa = PBXFileReference; lastKnownFileType = sourcecode.swift; path = CustomWindow.swift; sourceTree = "<group>"; };
		8DD1077C2AC4CC390077B935 /* CaptureWindowController.swift */ = {isa = PBXFileReference; lastKnownFileType = sourcecode.swift; path = CaptureWindowController.swift; sourceTree = "<group>"; };
		8DEA959D2A7C49910007836F /* TemplateViewModel.swift */ = {isa = PBXFileReference; lastKnownFileType = sourcecode.swift; path = TemplateViewModel.swift; sourceTree = "<group>"; };
		8DF13C322A63475A0030F889 /* MainView.swift */ = {isa = PBXFileReference; lastKnownFileType = sourcecode.swift; path = MainView.swift; sourceTree = "<group>"; };
		8DF13C342A6349D00030F889 /* SessionManager.swift */ = {isa = PBXFileReference; lastKnownFileType = sourcecode.swift; path = SessionManager.swift; sourceTree = "<group>"; };
/* End PBXFileReference section */

/* Begin PBXFrameworksBuildPhase section */
		8D9435A82A3A461F00F7CC62 /* Frameworks */ = {
			isa = PBXFrameworksBuildPhase;
			buildActionMask = 2147483647;
			files = (
				12E6B8F52C5EDF4B001E71CB /* HotKey in Frameworks */,
				8DF13C2E2A6295330030F889 /* SDWebImageSwiftUI in Frameworks */,
				8DF13C312A6296CD0030F889 /* SDWebImageSVGCoder in Frameworks */,
				12E6B8F72C5EDF5D001E71CB /* SwiftUIIntrospect in Frameworks */,
			);
			runOnlyForDeploymentPostprocessing = 0;
		};
		8D9435BE2A3A462000F7CC62 /* Frameworks */ = {
			isa = PBXFrameworksBuildPhase;
			buildActionMask = 2147483647;
			files = (
			);
			runOnlyForDeploymentPostprocessing = 0;
		};
		8D9435C82A3A462000F7CC62 /* Frameworks */ = {
			isa = PBXFrameworksBuildPhase;
			buildActionMask = 2147483647;
			files = (
			);
			runOnlyForDeploymentPostprocessing = 0;
		};
/* End PBXFrameworksBuildPhase section */

/* Begin PBXGroup section */
		125B73C42C61644B00CBBF81 /* Main View */ = {
			isa = PBXGroup;
			children = (
				8DF13C322A63475A0030F889 /* MainView.swift */,
				12B608932C62B8CF0061A226 /* AccountPickerView.swift */,
				12B608972C62B9010061A226 /* TemplateListView.swift */,
				12B608992C62B90D0061A226 /* NoAccountView.swift */,
				12B6089B2C62B9230061A226 /* ColorExtensions.swift */,
				125B73C02C615CBD00CBBF81 /* MainViewModel.swift */,
				12BA490D2C63DE1300FCBA17 /* DatabaseIcon.swift */,
			);
			path = "Main View";
			sourceTree = "<group>";
		};
		125B73C52C61645C00CBBF81 /* Login View */ = {
			isa = PBXGroup;
			children = (
				8D9435B52A3A461F00F7CC62 /* LoginView.swift */,
				125B73BE2C615B1400CBBF81 /* LoginViewModel.swift */,
			);
			path = "Login View";
			sourceTree = "<group>";
		};
		8D9435A22A3A461F00F7CC62 = {
			isa = PBXGroup;
			children = (
				8D9435AD2A3A461F00F7CC62 /* NotionBuddySwift */,
				8D9435C42A3A462000F7CC62 /* NotionBuddySwiftTests */,
				8D9435CE2A3A462000F7CC62 /* NotionBuddySwiftUITests */,
				8D9435AC2A3A461F00F7CC62 /* Products */,
			);
			sourceTree = "<group>";
		};
		8D9435AC2A3A461F00F7CC62 /* Products */ = {
			isa = PBXGroup;
			children = (
				8D9435AB2A3A461F00F7CC62 /* NotionBuddySwift.app */,
				8D9435C12A3A462000F7CC62 /* NotionBuddySwiftTests.xctest */,
				8D9435CB2A3A462000F7CC62 /* NotionBuddySwiftUITests.xctest */,
			);
			name = Products;
			sourceTree = "<group>";
		};
		8D9435AD2A3A461F00F7CC62 /* NotionBuddySwift */ = {
			isa = PBXGroup;
			children = (
				8D9435DE2A3A47C500F7CC62 /* Info.plist */,
				8D9435AE2A3A461F00F7CC62 /* NotionBuddySwiftApp.swift */,
				8D54B6082AC2990700B9B01F /* GlobalShortcutManager.swift */,
				8DD1077A2AC4CC140077B935 /* CustomWindow.swift */,
				8DD1077C2AC4CC390077B935 /* CaptureWindowController.swift */,
				8D2F263A2AC37E1400BF9364 /* CaptureView.swift */,
				8D6207E62B074B0E00A01539 /* StringArrayTransformer.swift */,
				8D8B95172A76964100DEDFFF /* EditTemplateView.swift */,
				8DEA959D2A7C49910007836F /* TemplateViewModel.swift */,
				8DF13C342A6349D00030F889 /* SessionManager.swift */,
				8D1F71992A649C6100F5C29C /* UserDefaultsLogger.swift */,
				8DCDA8FF2A5B5C07007B54E5 /* DatabaseNavigatorView.swift */,
				12BA490F2C63DE7800FCBA17 /* DatabaseIconManager.swift */,
				8D0873362A65CAE9002F54A6 /* TemplateCreatorView.swift */,
				125B73C52C61645C00CBBF81 /* Login View */,
				125B73C42C61644B00CBBF81 /* Main View */,
				125B73C22C615D7E00CBBF81 /* NotionAccount.swift */,
				8D656A032A3C2F0E0065A725 /* WebView.swift */,
				8D9435B72A3A462000F7CC62 /* Assets.xcassets */,
				8D9435B92A3A462000F7CC62 /* NotionBuddySwift.entitlements */,
				8D9435B22A3A461F00F7CC62 /* NotionBuddySwift.xcdatamodeld */,
				8D9435BA2A3A462000F7CC62 /* Preview Content */,
			);
			path = NotionBuddySwift;
			sourceTree = "<group>";
		};
		8D9435BA2A3A462000F7CC62 /* Preview Content */ = {
			isa = PBXGroup;
			children = (
				8D9435BB2A3A462000F7CC62 /* Preview Assets.xcassets */,
			);
			path = "Preview Content";
			sourceTree = "<group>";
		};
		8D9435C42A3A462000F7CC62 /* NotionBuddySwiftTests */ = {
			isa = PBXGroup;
			children = (
				8D9435C52A3A462000F7CC62 /* NotionBuddySwiftTests.swift */,
			);
			path = NotionBuddySwiftTests;
			sourceTree = "<group>";
		};
		8D9435CE2A3A462000F7CC62 /* NotionBuddySwiftUITests */ = {
			isa = PBXGroup;
			children = (
				8D9435CF2A3A462000F7CC62 /* NotionBuddySwiftUITests.swift */,
				8D9435D12A3A462000F7CC62 /* NotionBuddySwiftUITestsLaunchTests.swift */,
			);
			path = NotionBuddySwiftUITests;
			sourceTree = "<group>";
		};
/* End PBXGroup section */

/* Begin PBXNativeTarget section */
		8D9435AA2A3A461F00F7CC62 /* NotionBuddySwift */ = {
			isa = PBXNativeTarget;
			buildConfigurationList = 8D9435D52A3A462000F7CC62 /* Build configuration list for PBXNativeTarget "NotionBuddySwift" */;
			buildPhases = (
				8D9435A72A3A461F00F7CC62 /* Sources */,
				8D9435A82A3A461F00F7CC62 /* Frameworks */,
				8D9435A92A3A461F00F7CC62 /* Resources */,
			);
			buildRules = (
			);
			dependencies = (
			);
			name = NotionBuddySwift;
			packageProductDependencies = (
				8DF13C2D2A6295330030F889 /* SDWebImageSwiftUI */,
				8DF13C302A6296CD0030F889 /* SDWebImageSVGCoder */,
				12E6B8F42C5EDF4B001E71CB /* HotKey */,
				12E6B8F62C5EDF5D001E71CB /* SwiftUIIntrospect */,
			);
			productName = NotionBuddySwift;
			productReference = 8D9435AB2A3A461F00F7CC62 /* NotionBuddySwift.app */;
			productType = "com.apple.product-type.application";
		};
		8D9435C02A3A462000F7CC62 /* NotionBuddySwiftTests */ = {
			isa = PBXNativeTarget;
			buildConfigurationList = 8D9435D82A3A462000F7CC62 /* Build configuration list for PBXNativeTarget "NotionBuddySwiftTests" */;
			buildPhases = (
				8D9435BD2A3A462000F7CC62 /* Sources */,
				8D9435BE2A3A462000F7CC62 /* Frameworks */,
				8D9435BF2A3A462000F7CC62 /* Resources */,
			);
			buildRules = (
			);
			dependencies = (
				8D9435C32A3A462000F7CC62 /* PBXTargetDependency */,
			);
			name = NotionBuddySwiftTests;
			productName = NotionBuddySwiftTests;
			productReference = 8D9435C12A3A462000F7CC62 /* NotionBuddySwiftTests.xctest */;
			productType = "com.apple.product-type.bundle.unit-test";
		};
		8D9435CA2A3A462000F7CC62 /* NotionBuddySwiftUITests */ = {
			isa = PBXNativeTarget;
			buildConfigurationList = 8D9435DB2A3A462000F7CC62 /* Build configuration list for PBXNativeTarget "NotionBuddySwiftUITests" */;
			buildPhases = (
				8D9435C72A3A462000F7CC62 /* Sources */,
				8D9435C82A3A462000F7CC62 /* Frameworks */,
				8D9435C92A3A462000F7CC62 /* Resources */,
			);
			buildRules = (
			);
			dependencies = (
				8D9435CD2A3A462000F7CC62 /* PBXTargetDependency */,
			);
			name = NotionBuddySwiftUITests;
			productName = NotionBuddySwiftUITests;
			productReference = 8D9435CB2A3A462000F7CC62 /* NotionBuddySwiftUITests.xctest */;
			productType = "com.apple.product-type.bundle.ui-testing";
		};
/* End PBXNativeTarget section */

/* Begin PBXProject section */
		8D9435A32A3A461F00F7CC62 /* Project object */ = {
			isa = PBXProject;
			attributes = {
				BuildIndependentTargetsInParallel = 1;
				LastSwiftUpdateCheck = 1430;
				LastUpgradeCheck = 1430;
				TargetAttributes = {
					8D9435AA2A3A461F00F7CC62 = {
						CreatedOnToolsVersion = 14.3.1;
					};
					8D9435C02A3A462000F7CC62 = {
						CreatedOnToolsVersion = 14.3.1;
						TestTargetID = 8D9435AA2A3A461F00F7CC62;
					};
					8D9435CA2A3A462000F7CC62 = {
						CreatedOnToolsVersion = 14.3.1;
						TestTargetID = 8D9435AA2A3A461F00F7CC62;
					};
				};
			};
			buildConfigurationList = 8D9435A62A3A461F00F7CC62 /* Build configuration list for PBXProject "NotionBuddySwift" */;
			compatibilityVersion = "Xcode 14.0";
			developmentRegion = en;
			hasScannedForEncodings = 0;
			knownRegions = (
				en,
				Base,
			);
			mainGroup = 8D9435A22A3A461F00F7CC62;
			packageReferences = (
				8DD642DA2A611C2A006B96AE /* XCRemoteSwiftPackageReference "SVGKit" */,
				8DF13C2C2A6295330030F889 /* XCRemoteSwiftPackageReference "SDWebImageSwiftUI" */,
				8DF13C2F2A6296CD0030F889 /* XCRemoteSwiftPackageReference "SDWebImageSVGCoder" */,
				8D54B6052AC227FA00B9B01F /* XCRemoteSwiftPackageReference "HotKey" */,
				8D9351D12AD8A6EA00366276 /* XCRemoteSwiftPackageReference "SwiftUI-Introspect" */,
			);
			productRefGroup = 8D9435AC2A3A461F00F7CC62 /* Products */;
			projectDirPath = "";
			projectRoot = "";
			targets = (
				8D9435AA2A3A461F00F7CC62 /* NotionBuddySwift */,
				8D9435C02A3A462000F7CC62 /* NotionBuddySwiftTests */,
				8D9435CA2A3A462000F7CC62 /* NotionBuddySwiftUITests */,
			);
		};
/* End PBXProject section */

/* Begin PBXResourcesBuildPhase section */
		8D9435A92A3A461F00F7CC62 /* Resources */ = {
			isa = PBXResourcesBuildPhase;
			buildActionMask = 2147483647;
			files = (
				8D9435BC2A3A462000F7CC62 /* Preview Assets.xcassets in Resources */,
				8D9435B82A3A462000F7CC62 /* Assets.xcassets in Resources */,
			);
			runOnlyForDeploymentPostprocessing = 0;
		};
		8D9435BF2A3A462000F7CC62 /* Resources */ = {
			isa = PBXResourcesBuildPhase;
			buildActionMask = 2147483647;
			files = (
			);
			runOnlyForDeploymentPostprocessing = 0;
		};
		8D9435C92A3A462000F7CC62 /* Resources */ = {
			isa = PBXResourcesBuildPhase;
			buildActionMask = 2147483647;
			files = (
			);
			runOnlyForDeploymentPostprocessing = 0;
		};
/* End PBXResourcesBuildPhase section */

/* Begin PBXSourcesBuildPhase section */
		8D9435A72A3A461F00F7CC62 /* Sources */ = {
			isa = PBXSourcesBuildPhase;
			buildActionMask = 2147483647;
			files = (
				8D54B6092AC2990700B9B01F /* GlobalShortcutManager.swift in Sources */,
				8D9435B42A3A461F00F7CC62 /* NotionBuddySwift.xcdatamodeld in Sources */,
				12B608982C62B9010061A226 /* TemplateListView.swift in Sources */,
				8DF13C332A63475A0030F889 /* MainView.swift in Sources */,
				8DD1077D2AC4CC390077B935 /* CaptureWindowController.swift in Sources */,
				12B608942C62B8CF0061A226 /* AccountPickerView.swift in Sources */,
				8D9435AF2A3A461F00F7CC62 /* NotionBuddySwiftApp.swift in Sources */,
				8D9435B62A3A461F00F7CC62 /* LoginView.swift in Sources */,
				8D0873372A65CAE9002F54A6 /* TemplateCreatorView.swift in Sources */,
				125B73BF2C615B1400CBBF81 /* LoginViewModel.swift in Sources */,
				125B73C32C615D7E00CBBF81 /* NotionAccount.swift in Sources */,
				12BA490E2C63DE1300FCBA17 /* DatabaseIcon.swift in Sources */,
				8DCDA9002A5B5C07007B54E5 /* DatabaseNavigatorView.swift in Sources */,
				8D656A042A3C2F0E0065A725 /* WebView.swift in Sources */,
				8DD1077B2AC4CC140077B935 /* CustomWindow.swift in Sources */,
				125B73C12C615CBD00CBBF81 /* MainViewModel.swift in Sources */,
				8D2F263B2AC37E1400BF9364 /* CaptureView.swift in Sources */,
				8D1F719A2A649C6100F5C29C /* UserDefaultsLogger.swift in Sources */,
				12B6089A2C62B90D0061A226 /* NoAccountView.swift in Sources */,
				8D8B95182A76964100DEDFFF /* EditTemplateView.swift in Sources */,
				8D6207E72B074B0F00A01539 /* StringArrayTransformer.swift in Sources */,
				12BA49102C63DE7800FCBA17 /* DatabaseIconManager.swift in Sources */,
				8DEA959E2A7C49910007836F /* TemplateViewModel.swift in Sources */,
				8DF13C352A6349D00030F889 /* SessionManager.swift in Sources */,
				12B6089C2C62B9230061A226 /* ColorExtensions.swift in Sources */,
			);
			runOnlyForDeploymentPostprocessing = 0;
		};
		8D9435BD2A3A462000F7CC62 /* Sources */ = {
			isa = PBXSourcesBuildPhase;
			buildActionMask = 2147483647;
			files = (
				8D9435C62A3A462000F7CC62 /* NotionBuddySwiftTests.swift in Sources */,
			);
			runOnlyForDeploymentPostprocessing = 0;
		};
		8D9435C72A3A462000F7CC62 /* Sources */ = {
			isa = PBXSourcesBuildPhase;
			buildActionMask = 2147483647;
			files = (
				8D9435D22A3A462000F7CC62 /* NotionBuddySwiftUITestsLaunchTests.swift in Sources */,
				8D9435D02A3A462000F7CC62 /* NotionBuddySwiftUITests.swift in Sources */,
			);
			runOnlyForDeploymentPostprocessing = 0;
		};
/* End PBXSourcesBuildPhase section */

/* Begin PBXTargetDependency section */
		8D9435C32A3A462000F7CC62 /* PBXTargetDependency */ = {
			isa = PBXTargetDependency;
			target = 8D9435AA2A3A461F00F7CC62 /* NotionBuddySwift */;
			targetProxy = 8D9435C22A3A462000F7CC62 /* PBXContainerItemProxy */;
		};
		8D9435CD2A3A462000F7CC62 /* PBXTargetDependency */ = {
			isa = PBXTargetDependency;
			target = 8D9435AA2A3A461F00F7CC62 /* NotionBuddySwift */;
			targetProxy = 8D9435CC2A3A462000F7CC62 /* PBXContainerItemProxy */;
		};
/* End PBXTargetDependency section */

/* Begin XCBuildConfiguration section */
		8D9435D32A3A462000F7CC62 /* Debug */ = {
			isa = XCBuildConfiguration;
			buildSettings = {
				ALWAYS_SEARCH_USER_PATHS = NO;
				CLANG_ANALYZER_NONNULL = YES;
				CLANG_ANALYZER_NUMBER_OBJECT_CONVERSION = YES_AGGRESSIVE;
				CLANG_CXX_LANGUAGE_STANDARD = "gnu++20";
				CLANG_ENABLE_MODULES = YES;
				CLANG_ENABLE_OBJC_ARC = YES;
				CLANG_ENABLE_OBJC_WEAK = YES;
				CLANG_WARN_BLOCK_CAPTURE_AUTORELEASING = YES;
				CLANG_WARN_BOOL_CONVERSION = YES;
				CLANG_WARN_COMMA = YES;
				CLANG_WARN_CONSTANT_CONVERSION = YES;
				CLANG_WARN_DEPRECATED_OBJC_IMPLEMENTATIONS = YES;
				CLANG_WARN_DIRECT_OBJC_ISA_USAGE = YES_ERROR;
				CLANG_WARN_DOCUMENTATION_COMMENTS = YES;
				CLANG_WARN_EMPTY_BODY = YES;
				CLANG_WARN_ENUM_CONVERSION = YES;
				CLANG_WARN_INFINITE_RECURSION = YES;
				CLANG_WARN_INT_CONVERSION = YES;
				CLANG_WARN_NON_LITERAL_NULL_CONVERSION = YES;
				CLANG_WARN_OBJC_IMPLICIT_RETAIN_SELF = YES;
				CLANG_WARN_OBJC_LITERAL_CONVERSION = YES;
				CLANG_WARN_OBJC_ROOT_CLASS = YES_ERROR;
				CLANG_WARN_QUOTED_INCLUDE_IN_FRAMEWORK_HEADER = YES;
				CLANG_WARN_RANGE_LOOP_ANALYSIS = YES;
				CLANG_WARN_STRICT_PROTOTYPES = YES;
				CLANG_WARN_SUSPICIOUS_MOVE = YES;
				CLANG_WARN_UNGUARDED_AVAILABILITY = YES_AGGRESSIVE;
				CLANG_WARN_UNREACHABLE_CODE = YES;
				CLANG_WARN__DUPLICATE_METHOD_MATCH = YES;
				COPY_PHASE_STRIP = NO;
				DEBUG_INFORMATION_FORMAT = dwarf;
				ENABLE_STRICT_OBJC_MSGSEND = YES;
				ENABLE_TESTABILITY = YES;
				GCC_C_LANGUAGE_STANDARD = gnu11;
				GCC_DYNAMIC_NO_PIC = NO;
				GCC_NO_COMMON_BLOCKS = YES;
				GCC_OPTIMIZATION_LEVEL = 0;
				GCC_PREPROCESSOR_DEFINITIONS = (
					"DEBUG=1",
					"$(inherited)",
				);
				GCC_WARN_64_TO_32_BIT_CONVERSION = YES;
				GCC_WARN_ABOUT_RETURN_TYPE = YES_ERROR;
				GCC_WARN_UNDECLARED_SELECTOR = YES;
				GCC_WARN_UNINITIALIZED_AUTOS = YES_AGGRESSIVE;
				GCC_WARN_UNUSED_FUNCTION = YES;
				GCC_WARN_UNUSED_VARIABLE = YES;
				MTL_ENABLE_DEBUG_INFO = INCLUDE_SOURCE;
				MTL_FAST_MATH = YES;
				ONLY_ACTIVE_ARCH = YES;
				SWIFT_ACTIVE_COMPILATION_CONDITIONS = DEBUG;
				SWIFT_OPTIMIZATION_LEVEL = "-Onone";
			};
			name = Debug;
		};
		8D9435D42A3A462000F7CC62 /* Release */ = {
			isa = XCBuildConfiguration;
			buildSettings = {
				ALWAYS_SEARCH_USER_PATHS = NO;
				CLANG_ANALYZER_NONNULL = YES;
				CLANG_ANALYZER_NUMBER_OBJECT_CONVERSION = YES_AGGRESSIVE;
				CLANG_CXX_LANGUAGE_STANDARD = "gnu++20";
				CLANG_ENABLE_MODULES = YES;
				CLANG_ENABLE_OBJC_ARC = YES;
				CLANG_ENABLE_OBJC_WEAK = YES;
				CLANG_WARN_BLOCK_CAPTURE_AUTORELEASING = YES;
				CLANG_WARN_BOOL_CONVERSION = YES;
				CLANG_WARN_COMMA = YES;
				CLANG_WARN_CONSTANT_CONVERSION = YES;
				CLANG_WARN_DEPRECATED_OBJC_IMPLEMENTATIONS = YES;
				CLANG_WARN_DIRECT_OBJC_ISA_USAGE = YES_ERROR;
				CLANG_WARN_DOCUMENTATION_COMMENTS = YES;
				CLANG_WARN_EMPTY_BODY = YES;
				CLANG_WARN_ENUM_CONVERSION = YES;
				CLANG_WARN_INFINITE_RECURSION = YES;
				CLANG_WARN_INT_CONVERSION = YES;
				CLANG_WARN_NON_LITERAL_NULL_CONVERSION = YES;
				CLANG_WARN_OBJC_IMPLICIT_RETAIN_SELF = YES;
				CLANG_WARN_OBJC_LITERAL_CONVERSION = YES;
				CLANG_WARN_OBJC_ROOT_CLASS = YES_ERROR;
				CLANG_WARN_QUOTED_INCLUDE_IN_FRAMEWORK_HEADER = YES;
				CLANG_WARN_RANGE_LOOP_ANALYSIS = YES;
				CLANG_WARN_STRICT_PROTOTYPES = YES;
				CLANG_WARN_SUSPICIOUS_MOVE = YES;
				CLANG_WARN_UNGUARDED_AVAILABILITY = YES_AGGRESSIVE;
				CLANG_WARN_UNREACHABLE_CODE = YES;
				CLANG_WARN__DUPLICATE_METHOD_MATCH = YES;
				COPY_PHASE_STRIP = NO;
				DEBUG_INFORMATION_FORMAT = "dwarf-with-dsym";
				ENABLE_NS_ASSERTIONS = NO;
				ENABLE_STRICT_OBJC_MSGSEND = YES;
				GCC_C_LANGUAGE_STANDARD = gnu11;
				GCC_NO_COMMON_BLOCKS = YES;
				GCC_WARN_64_TO_32_BIT_CONVERSION = YES;
				GCC_WARN_ABOUT_RETURN_TYPE = YES_ERROR;
				GCC_WARN_UNDECLARED_SELECTOR = YES;
				GCC_WARN_UNINITIALIZED_AUTOS = YES_AGGRESSIVE;
				GCC_WARN_UNUSED_FUNCTION = YES;
				GCC_WARN_UNUSED_VARIABLE = YES;
				MTL_ENABLE_DEBUG_INFO = NO;
				MTL_FAST_MATH = YES;
				SWIFT_COMPILATION_MODE = wholemodule;
				SWIFT_OPTIMIZATION_LEVEL = "-O";
			};
			name = Release;
		};
		8D9435D62A3A462000F7CC62 /* Debug */ = {
			isa = XCBuildConfiguration;
			buildSettings = {
				ASSETCATALOG_COMPILER_APPICON_NAME = AppIcon;
				"ASSETCATALOG_COMPILER_APPICON_NAME[sdk=macosx*]" = AppIcon;
				ASSETCATALOG_COMPILER_GLOBAL_ACCENT_COLOR_NAME = AccentColor;
				ASSETCATALOG_COMPILER_INCLUDE_ALL_APPICON_ASSETS = YES;
				CODE_SIGN_ENTITLEMENTS = NotionBuddySwift/NotionBuddySwift.entitlements;
				CODE_SIGN_STYLE = Automatic;
				CURRENT_PROJECT_VERSION = 1;
				DEVELOPMENT_ASSET_PATHS = "\"NotionBuddySwift/Preview Content\"";
				DEVELOPMENT_TEAM = 3635CKDQHH;
				ENABLE_HARDENED_RUNTIME = YES;
				ENABLE_PREVIEWS = YES;
				GENERATE_INFOPLIST_FILE = YES;
				INFOPLIST_FILE = NotionBuddySwift/Info.plist;
				"INFOPLIST_KEY_UIApplicationSceneManifest_Generation[sdk=iphoneos*]" = YES;
				"INFOPLIST_KEY_UIApplicationSceneManifest_Generation[sdk=iphonesimulator*]" = YES;
				"INFOPLIST_KEY_UIApplicationSupportsIndirectInputEvents[sdk=iphoneos*]" = YES;
				"INFOPLIST_KEY_UIApplicationSupportsIndirectInputEvents[sdk=iphonesimulator*]" = YES;
				"INFOPLIST_KEY_UILaunchScreen_Generation[sdk=iphoneos*]" = YES;
				"INFOPLIST_KEY_UILaunchScreen_Generation[sdk=iphonesimulator*]" = YES;
				"INFOPLIST_KEY_UIStatusBarStyle[sdk=iphoneos*]" = UIStatusBarStyleDefault;
				"INFOPLIST_KEY_UIStatusBarStyle[sdk=iphonesimulator*]" = UIStatusBarStyleDefault;
				INFOPLIST_KEY_UISupportedInterfaceOrientations_iPad = "UIInterfaceOrientationPortrait UIInterfaceOrientationPortraitUpsideDown UIInterfaceOrientationLandscapeLeft UIInterfaceOrientationLandscapeRight";
				INFOPLIST_KEY_UISupportedInterfaceOrientations_iPhone = "UIInterfaceOrientationPortrait UIInterfaceOrientationLandscapeLeft UIInterfaceOrientationLandscapeRight";
				IPHONEOS_DEPLOYMENT_TARGET = 16.4;
				LD_RUNPATH_SEARCH_PATHS = "@executable_path/Frameworks";
				"LD_RUNPATH_SEARCH_PATHS[sdk=macosx*]" = "@executable_path/../Frameworks";
				MACOSX_DEPLOYMENT_TARGET = 13.0;
				MARKETING_VERSION = 1.0;
				PRODUCT_BUNDLE_IDENTIFIER = gl1n.NotionBuddySwift;
				PRODUCT_NAME = "$(TARGET_NAME)";
				SDKROOT = auto;
				SUPPORTED_PLATFORMS = macosx;
				SUPPORTS_MACCATALYST = NO;
				SUPPORTS_MAC_DESIGNED_FOR_IPHONE_IPAD = NO;
				SWIFT_EMIT_LOC_STRINGS = YES;
				SWIFT_VERSION = 5.0;
			};
			name = Debug;
		};
		8D9435D72A3A462000F7CC62 /* Release */ = {
			isa = XCBuildConfiguration;
			buildSettings = {
				ASSETCATALOG_COMPILER_APPICON_NAME = AppIcon;
				"ASSETCATALOG_COMPILER_APPICON_NAME[sdk=macosx*]" = AppIcon;
				ASSETCATALOG_COMPILER_GLOBAL_ACCENT_COLOR_NAME = AccentColor;
				ASSETCATALOG_COMPILER_INCLUDE_ALL_APPICON_ASSETS = YES;
				CODE_SIGN_ENTITLEMENTS = NotionBuddySwift/NotionBuddySwift.entitlements;
				CODE_SIGN_STYLE = Automatic;
				CURRENT_PROJECT_VERSION = 1;
				DEVELOPMENT_ASSET_PATHS = "\"NotionBuddySwift/Preview Content\"";
				DEVELOPMENT_TEAM = 3635CKDQHH;
				ENABLE_HARDENED_RUNTIME = YES;
				ENABLE_PREVIEWS = YES;
				GENERATE_INFOPLIST_FILE = YES;
				INFOPLIST_FILE = NotionBuddySwift/Info.plist;
				"INFOPLIST_KEY_UIApplicationSceneManifest_Generation[sdk=iphoneos*]" = YES;
				"INFOPLIST_KEY_UIApplicationSceneManifest_Generation[sdk=iphonesimulator*]" = YES;
				"INFOPLIST_KEY_UIApplicationSupportsIndirectInputEvents[sdk=iphoneos*]" = YES;
				"INFOPLIST_KEY_UIApplicationSupportsIndirectInputEvents[sdk=iphonesimulator*]" = YES;
				"INFOPLIST_KEY_UILaunchScreen_Generation[sdk=iphoneos*]" = YES;
				"INFOPLIST_KEY_UILaunchScreen_Generation[sdk=iphonesimulator*]" = YES;
				"INFOPLIST_KEY_UIStatusBarStyle[sdk=iphoneos*]" = UIStatusBarStyleDefault;
				"INFOPLIST_KEY_UIStatusBarStyle[sdk=iphonesimulator*]" = UIStatusBarStyleDefault;
				INFOPLIST_KEY_UISupportedInterfaceOrientations_iPad = "UIInterfaceOrientationPortrait UIInterfaceOrientationPortraitUpsideDown UIInterfaceOrientationLandscapeLeft UIInterfaceOrientationLandscapeRight";
				INFOPLIST_KEY_UISupportedInterfaceOrientations_iPhone = "UIInterfaceOrientationPortrait UIInterfaceOrientationLandscapeLeft UIInterfaceOrientationLandscapeRight";
				IPHONEOS_DEPLOYMENT_TARGET = 16.4;
				LD_RUNPATH_SEARCH_PATHS = "@executable_path/Frameworks";
				"LD_RUNPATH_SEARCH_PATHS[sdk=macosx*]" = "@executable_path/../Frameworks";
				MACOSX_DEPLOYMENT_TARGET = 13.0;
				MARKETING_VERSION = 1.0;
				PRODUCT_BUNDLE_IDENTIFIER = gl1n.NotionBuddySwift;
				PRODUCT_NAME = "$(TARGET_NAME)";
				SDKROOT = auto;
				SUPPORTED_PLATFORMS = macosx;
				SUPPORTS_MACCATALYST = NO;
				SUPPORTS_MAC_DESIGNED_FOR_IPHONE_IPAD = NO;
				SWIFT_EMIT_LOC_STRINGS = YES;
				SWIFT_VERSION = 5.0;
			};
			name = Release;
		};
		8D9435D92A3A462000F7CC62 /* Debug */ = {
			isa = XCBuildConfiguration;
			buildSettings = {
				ALWAYS_EMBED_SWIFT_STANDARD_LIBRARIES = YES;
				BUNDLE_LOADER = "$(TEST_HOST)";
				CODE_SIGN_STYLE = Automatic;
				CURRENT_PROJECT_VERSION = 1;
				DEVELOPMENT_TEAM = 3635CKDQHH;
				GENERATE_INFOPLIST_FILE = YES;
				IPHONEOS_DEPLOYMENT_TARGET = 16.4;
				MACOSX_DEPLOYMENT_TARGET = 13.2;
				MARKETING_VERSION = 1.0;
				PRODUCT_BUNDLE_IDENTIFIER = gl1n.NotionBuddySwiftTests;
				PRODUCT_NAME = "$(TARGET_NAME)";
				SDKROOT = auto;
				SUPPORTED_PLATFORMS = "iphoneos iphonesimulator macosx";
				SWIFT_EMIT_LOC_STRINGS = NO;
				SWIFT_VERSION = 5.0;
				TARGETED_DEVICE_FAMILY = "1,2";
				TEST_HOST = "$(BUILT_PRODUCTS_DIR)/NotionBuddySwift.app/$(BUNDLE_EXECUTABLE_FOLDER_PATH)/NotionBuddySwift";
			};
			name = Debug;
		};
		8D9435DA2A3A462000F7CC62 /* Release */ = {
			isa = XCBuildConfiguration;
			buildSettings = {
				ALWAYS_EMBED_SWIFT_STANDARD_LIBRARIES = YES;
				BUNDLE_LOADER = "$(TEST_HOST)";
				CODE_SIGN_STYLE = Automatic;
				CURRENT_PROJECT_VERSION = 1;
				DEVELOPMENT_TEAM = 3635CKDQHH;
				GENERATE_INFOPLIST_FILE = YES;
				IPHONEOS_DEPLOYMENT_TARGET = 16.4;
				MACOSX_DEPLOYMENT_TARGET = 13.2;
				MARKETING_VERSION = 1.0;
				PRODUCT_BUNDLE_IDENTIFIER = gl1n.NotionBuddySwiftTests;
				PRODUCT_NAME = "$(TARGET_NAME)";
				SDKROOT = auto;
				SUPPORTED_PLATFORMS = "iphoneos iphonesimulator macosx";
				SWIFT_EMIT_LOC_STRINGS = NO;
				SWIFT_VERSION = 5.0;
				TARGETED_DEVICE_FAMILY = "1,2";
				TEST_HOST = "$(BUILT_PRODUCTS_DIR)/NotionBuddySwift.app/$(BUNDLE_EXECUTABLE_FOLDER_PATH)/NotionBuddySwift";
			};
			name = Release;
		};
		8D9435DC2A3A462000F7CC62 /* Debug */ = {
			isa = XCBuildConfiguration;
			buildSettings = {
				ALWAYS_EMBED_SWIFT_STANDARD_LIBRARIES = YES;
				CODE_SIGN_STYLE = Automatic;
				CURRENT_PROJECT_VERSION = 1;
				DEVELOPMENT_TEAM = 3635CKDQHH;
				GENERATE_INFOPLIST_FILE = YES;
				IPHONEOS_DEPLOYMENT_TARGET = 16.4;
				MACOSX_DEPLOYMENT_TARGET = 13.2;
				MARKETING_VERSION = 1.0;
				PRODUCT_BUNDLE_IDENTIFIER = gl1n.NotionBuddySwiftUITests;
				PRODUCT_NAME = "$(TARGET_NAME)";
				SDKROOT = auto;
				SUPPORTED_PLATFORMS = "iphoneos iphonesimulator macosx";
				SWIFT_EMIT_LOC_STRINGS = NO;
				SWIFT_VERSION = 5.0;
				TARGETED_DEVICE_FAMILY = "1,2";
				TEST_TARGET_NAME = NotionBuddySwift;
			};
			name = Debug;
		};
		8D9435DD2A3A462000F7CC62 /* Release */ = {
			isa = XCBuildConfiguration;
			buildSettings = {
				ALWAYS_EMBED_SWIFT_STANDARD_LIBRARIES = YES;
				CODE_SIGN_STYLE = Automatic;
				CURRENT_PROJECT_VERSION = 1;
				DEVELOPMENT_TEAM = 3635CKDQHH;
				GENERATE_INFOPLIST_FILE = YES;
				IPHONEOS_DEPLOYMENT_TARGET = 16.4;
				MACOSX_DEPLOYMENT_TARGET = 13.2;
				MARKETING_VERSION = 1.0;
				PRODUCT_BUNDLE_IDENTIFIER = gl1n.NotionBuddySwiftUITests;
				PRODUCT_NAME = "$(TARGET_NAME)";
				SDKROOT = auto;
				SUPPORTED_PLATFORMS = "iphoneos iphonesimulator macosx";
				SWIFT_EMIT_LOC_STRINGS = NO;
				SWIFT_VERSION = 5.0;
				TARGETED_DEVICE_FAMILY = "1,2";
				TEST_TARGET_NAME = NotionBuddySwift;
			};
			name = Release;
		};
/* End XCBuildConfiguration section */

/* Begin XCConfigurationList section */
		8D9435A62A3A461F00F7CC62 /* Build configuration list for PBXProject "NotionBuddySwift" */ = {
			isa = XCConfigurationList;
			buildConfigurations = (
				8D9435D32A3A462000F7CC62 /* Debug */,
				8D9435D42A3A462000F7CC62 /* Release */,
			);
			defaultConfigurationIsVisible = 0;
			defaultConfigurationName = Release;
		};
		8D9435D52A3A462000F7CC62 /* Build configuration list for PBXNativeTarget "NotionBuddySwift" */ = {
			isa = XCConfigurationList;
			buildConfigurations = (
				8D9435D62A3A462000F7CC62 /* Debug */,
				8D9435D72A3A462000F7CC62 /* Release */,
			);
			defaultConfigurationIsVisible = 0;
			defaultConfigurationName = Release;
		};
		8D9435D82A3A462000F7CC62 /* Build configuration list for PBXNativeTarget "NotionBuddySwiftTests" */ = {
			isa = XCConfigurationList;
			buildConfigurations = (
				8D9435D92A3A462000F7CC62 /* Debug */,
				8D9435DA2A3A462000F7CC62 /* Release */,
			);
			defaultConfigurationIsVisible = 0;
			defaultConfigurationName = Release;
		};
		8D9435DB2A3A462000F7CC62 /* Build configuration list for PBXNativeTarget "NotionBuddySwiftUITests" */ = {
			isa = XCConfigurationList;
			buildConfigurations = (
				8D9435DC2A3A462000F7CC62 /* Debug */,
				8D9435DD2A3A462000F7CC62 /* Release */,
			);
			defaultConfigurationIsVisible = 0;
			defaultConfigurationName = Release;
		};
/* End XCConfigurationList section */

/* Begin XCRemoteSwiftPackageReference section */
		8D54B6052AC227FA00B9B01F /* XCRemoteSwiftPackageReference "HotKey" */ = {
			isa = XCRemoteSwiftPackageReference;
			repositoryURL = "https://github.com/soffes/HotKey.git";
			requirement = {
				branch = main;
				kind = branch;
			};
		};
		8D9351D12AD8A6EA00366276 /* XCRemoteSwiftPackageReference "SwiftUI-Introspect" */ = {
			isa = XCRemoteSwiftPackageReference;
			repositoryURL = "https://github.com/siteline/SwiftUI-Introspect.git";
			requirement = {
				kind = upToNextMajorVersion;
				minimumVersion = 1.1.0;
			};
		};
		8DD642DA2A611C2A006B96AE /* XCRemoteSwiftPackageReference "SVGKit" */ = {
			isa = XCRemoteSwiftPackageReference;
			repositoryURL = "https://github.com/SVGKit/SVGKit.git";
			requirement = {
				kind = upToNextMajorVersion;
				minimumVersion = 3.0.0;
			};
		};
		8DF13C2C2A6295330030F889 /* XCRemoteSwiftPackageReference "SDWebImageSwiftUI" */ = {
			isa = XCRemoteSwiftPackageReference;
			repositoryURL = "https://github.com/SDWebImage/SDWebImageSwiftUI.git";
			requirement = {
				kind = upToNextMinorVersion;
				minimumVersion = 2.2.0;
			};
		};
		8DF13C2F2A6296CD0030F889 /* XCRemoteSwiftPackageReference "SDWebImageSVGCoder" */ = {
			isa = XCRemoteSwiftPackageReference;
			repositoryURL = "https://github.com/SDWebImage/SDWebImageSVGCoder.git";
			requirement = {
				kind = upToNextMajorVersion;
				minimumVersion = 1.0.0;
			};
		};
/* End XCRemoteSwiftPackageReference section */

/* Begin XCSwiftPackageProductDependency section */
		12E6B8F42C5EDF4B001E71CB /* HotKey */ = {
			isa = XCSwiftPackageProductDependency;
			productName = HotKey;
		};
		12E6B8F62C5EDF5D001E71CB /* SwiftUIIntrospect */ = {
			isa = XCSwiftPackageProductDependency;
			productName = SwiftUIIntrospect;
		};
		8DF13C2D2A6295330030F889 /* SDWebImageSwiftUI */ = {
			isa = XCSwiftPackageProductDependency;
			package = 8DF13C2C2A6295330030F889 /* XCRemoteSwiftPackageReference "SDWebImageSwiftUI" */;
			productName = SDWebImageSwiftUI;
		};
		8DF13C302A6296CD0030F889 /* SDWebImageSVGCoder */ = {
			isa = XCSwiftPackageProductDependency;
			package = 8DF13C2F2A6296CD0030F889 /* XCRemoteSwiftPackageReference "SDWebImageSVGCoder" */;
			productName = SDWebImageSVGCoder;
		};
/* End XCSwiftPackageProductDependency section */

/* Begin XCVersionGroup section */
		8D9435B22A3A461F00F7CC62 /* NotionBuddySwift.xcdatamodeld */ = {
			isa = XCVersionGroup;
			children = (
				8D9435B32A3A461F00F7CC62 /* NotionBuddySwift.xcdatamodel */,
			);
			currentVersion = 8D9435B32A3A461F00F7CC62 /* NotionBuddySwift.xcdatamodel */;
			path = NotionBuddySwift.xcdatamodeld;
			sourceTree = "<group>";
			versionGroupType = wrapper.xcdatamodel;
		};
/* End XCVersionGroup section */
	};
	rootObject = 8D9435A32A3A461F00F7CC62 /* Project object */;
}
